
Microsoft Visual Studio Solution File, Format Version 12.00
# Visual Studio Version 16
VisualStudioVersion = 16.0.30711.63
MinimumVisualStudioVersion = 10.0.40219.1
Project("{FAE04EC0-301F-11D3-BF4B-00C04F79EFBC}") = "LMS", "LMS\LMS.csproj", "{0E9CA814-1343-46F5-A9A1-BFA056BBC8F4}"
EndProject
Project("{FAE04EC0-301F-11D3-BF4B-00C04F79EFBC}") = "LMS.Tests", "LMS.Tests\LMS.Tests.csproj", "{91242FC0-7E6B-47E2-820D-B8791A0188EF}"
EndProject
Project("{00D1A9C2-B5F0-4AF3-8072-F6C62B433612}") = "LMSDatabase", "LMSDatabase\LMSDatabase.sqlproj", "{EA322BDA-D4A8-4396-94EB-F8D5DF77B7C1}"
EndProject
Global
	GlobalSection(SolutionConfigurationPlatforms) = preSolution
		Debug|Any CPU = Debug|Any CPU
		Release|Any CPU = Release|Any CPU
	EndGlobalSection
	GlobalSection(ProjectConfigurationPlatforms) = postSolution
		{0E9CA814-1343-46F5-A9A1-BFA056BBC8F4}.Debug|Any CPU.ActiveCfg = Debug|Any CPU
		{0E9CA814-1343-46F5-A9A1-BFA056BBC8F4}.Debug|Any CPU.Build.0 = Debug|Any CPU
		{0E9CA814-1343-46F5-A9A1-BFA056BBC8F4}.Release|Any CPU.ActiveCfg = Release|Any CPU
		{0E9CA814-1343-46F5-A9A1-BFA056BBC8F4}.Release|Any CPU.Build.0 = Release|Any CPU
		{91242FC0-7E6B-47E2-820D-B8791A0188EF}.Debug|Any CPU.ActiveCfg = Debug|Any CPU
		{91242FC0-7E6B-47E2-820D-B8791A0188EF}.Debug|Any CPU.Build.0 = Debug|Any CPU
		{91242FC0-7E6B-47E2-820D-B8791A0188EF}.Release|Any CPU.ActiveCfg = Release|Any CPU
		{91242FC0-7E6B-47E2-820D-B8791A0188EF}.Release|Any CPU.Build.0 = Release|Any CPU
		{EA322BDA-D4A8-4396-94EB-F8D5DF77B7C1}.Debug|Any CPU.ActiveCfg = Debug|Any CPU
		{EA322BDA-D4A8-4396-94EB-F8D5DF77B7C1}.Debug|Any CPU.Build.0 = Debug|Any CPU
		{EA322BDA-D4A8-4396-94EB-F8D5DF77B7C1}.Debug|Any CPU.Deploy.0 = Debug|Any CPU
		{EA322BDA-D4A8-4396-94EB-F8D5DF77B7C1}.Release|Any CPU.ActiveCfg = Release|Any CPU
		{EA322BDA-D4A8-4396-94EB-F8D5DF77B7C1}.Release|Any CPU.Build.0 = Release|Any CPU
		{EA322BDA-D4A8-4396-94EB-F8D5DF77B7C1}.Release|Any CPU.Deploy.0 = Release|Any CPU
	EndGlobalSection
	GlobalSection(SolutionProperties) = preSolution
		HideSolutionNode = FALSE
	EndGlobalSection
	GlobalSection(ExtensibilityGlobals) = postSolution
		SolutionGuid = {7DAECE42-E672-4396-997A-B857396609C8}
	EndGlobalSection
EndGlobal
